// !$*UTF8*$!
{
	archiveVersion = 1;
	classes = {
	};
	objectVersion = 56;
	objects = {

/* Begin PBXBuildFile section */
		172B89D42AB475EE00445064 /* pulp_fiction.mp4 in Resources */ = {isa = PBXBuildFile; fileRef = 172B89D32AB475EE00445064 /* pulp_fiction.mp4 */; };
		172B89D62AB47EA200445064 /* PersonView.swift in Sources */ = {isa = PBXBuildFile; fileRef = 172B89D52AB47EA200445064 /* PersonView.swift */; };
		172B89D82AB483C400445064 /* SwiftUIView.swift in Sources */ = {isa = PBXBuildFile; fileRef = 172B89D72AB483C400445064 /* SwiftUIView.swift */; };
		172B89DA2AB48FEC00445064 /* twin_peaks.mp4 in Resources */ = {isa = PBXBuildFile; fileRef = 172B89D92AB48FEC00445064 /* twin_peaks.mp4 */; };
		172B89DC2AB4929F00445064 /* forrest_gump.mp4 in Resources */ = {isa = PBXBuildFile; fileRef = 172B89DB2AB4929F00445064 /* forrest_gump.mp4 */; };
		172B89DE2AB4936A00445064 /* old_boy.mp4 in Resources */ = {isa = PBXBuildFile; fileRef = 172B89DD2AB4936A00445064 /* old_boy.mp4 */; };
		172B89E02AB494AB00445064 /* batman_begins.mp4 in Resources */ = {isa = PBXBuildFile; fileRef = 172B89DF2AB494AB00445064 /* batman_begins.mp4 */; };
		17321A712AB5693600B83EF6 /* PhotoPersonView.swift in Sources */ = {isa = PBXBuildFile; fileRef = 17321A702AB5693600B83EF6 /* PhotoPersonView.swift */; };
		173623D02AAE253F00BB7F4D /* FavouriteFilmsSwiftUIApp.swift in Sources */ = {isa = PBXBuildFile; fileRef = 173623CF2AAE253F00BB7F4D /* FavouriteFilmsSwiftUIApp.swift */; };
		173623D22AAE253F00BB7F4D /* ContentView.swift in Sources */ = {isa = PBXBuildFile; fileRef = 173623D12AAE253F00BB7F4D /* ContentView.swift */; };
		173623D42AAE254000BB7F4D /* Assets.xcassets in Resources */ = {isa = PBXBuildFile; fileRef = 173623D32AAE254000BB7F4D /* Assets.xcassets */; };
		173623D72AAE254000BB7F4D /* Preview Assets.xcassets in Resources */ = {isa = PBXBuildFile; fileRef = 173623D62AAE254000BB7F4D /* Preview Assets.xcassets */; };
		173623DE2AAE26C900BB7F4D /* Post.swift in Sources */ = {isa = PBXBuildFile; fileRef = 173623DD2AAE26C900BB7F4D /* Post.swift */; };
		173623E02AAE296800BB7F4D /* PostData.swift in Sources */ = {isa = PBXBuildFile; fileRef = 173623DF2AAE296800BB7F4D /* PostData.swift */; };
		173623E22AAE2B4C00BB7F4D /* InfoRow.swift in Sources */ = {isa = PBXBuildFile; fileRef = 173623E12AAE2B4C00BB7F4D /* InfoRow.swift */; };
		173623E42AAE2E5600BB7F4D /* InfoDetails.swift in Sources */ = {isa = PBXBuildFile; fileRef = 173623E32AAE2E5600BB7F4D /* InfoDetails.swift */; };
		173623E62AAE348B00BB7F4D /* InfoView.swift in Sources */ = {isa = PBXBuildFile; fileRef = 173623E52AAE348B00BB7F4D /* InfoView.swift */; };
		173623E82AAF3A4300BB7F4D /* FilmTrailerView.swift in Sources */ = {isa = PBXBuildFile; fileRef = 173623E72AAF3A4300BB7F4D /* FilmTrailerView.swift */; };
		173623EA2AAF3AB900BB7F4D /* SettingView.swift in Sources */ = {isa = PBXBuildFile; fileRef = 173623E92AAF3AB900BB7F4D /* SettingView.swift */; };
/* End PBXBuildFile section */

/* Begin PBXFileReference section */
		172B89D32AB475EE00445064 /* pulp_fiction.mp4 */ = {isa = PBXFileReference; lastKnownFileType = file; path = pulp_fiction.mp4; sourceTree = "<group>"; };
		172B89D52AB47EA200445064 /* PersonView.swift */ = {isa = PBXFileReference; lastKnownFileType = sourcecode.swift; path = PersonView.swift; sourceTree = "<group>"; };
		172B89D72AB483C400445064 /* SwiftUIView.swift */ = {isa = PBXFileReference; lastKnownFileType = sourcecode.swift; path = SwiftUIView.swift; sourceTree = "<group>"; };
		172B89D92AB48FEC00445064 /* twin_peaks.mp4 */ = {isa = PBXFileReference; lastKnownFileType = file; path = twin_peaks.mp4; sourceTree = "<group>"; };
		172B89DB2AB4929F00445064 /* forrest_gump.mp4 */ = {isa = PBXFileReference; lastKnownFileType = file; path = forrest_gump.mp4; sourceTree = "<group>"; };
		172B89DD2AB4936A00445064 /* old_boy.mp4 */ = {isa = PBXFileReference; lastKnownFileType = file; path = old_boy.mp4; sourceTree = "<group>"; };
		172B89DF2AB494AB00445064 /* batman_begins.mp4 */ = {isa = PBXFileReference; lastKnownFileType = file; path = batman_begins.mp4; sourceTree = "<group>"; };
		17321A702AB5693600B83EF6 /* PhotoPersonView.swift */ = {isa = PBXFileReference; lastKnownFileType = sourcecode.swift; path = PhotoPersonView.swift; sourceTree = "<group>"; };
		173623CC2AAE253F00BB7F4D /* FavouriteFilmsSwiftUI.app */ = {isa = PBXFileReference; explicitFileType = wrapper.application; includeInIndex = 0; path = FavouriteFilmsSwiftUI.app; sourceTree = BUILT_PRODUCTS_DIR; };
		173623CF2AAE253F00BB7F4D /* FavouriteFilmsSwiftUIApp.swift */ = {isa = PBXFileReference; lastKnownFileType = sourcecode.swift; path = FavouriteFilmsSwiftUIApp.swift; sourceTree = "<group>"; };
		173623D12AAE253F00BB7F4D /* ContentView.swift */ = {isa = PBXFileReference; lastKnownFileType = sourcecode.swift; path = ContentView.swift; sourceTree = "<group>"; };
		173623D32AAE254000BB7F4D /* Assets.xcassets */ = {isa = PBXFileReference; lastKnownFileType = folder.assetcatalog; path = Assets.xcassets; sourceTree = "<group>"; };
		173623D62AAE254000BB7F4D /* Preview Assets.xcassets */ = {isa = PBXFileReference; lastKnownFileType = folder.assetcatalog; path = "Preview Assets.xcassets"; sourceTree = "<group>"; };
		173623DD2AAE26C900BB7F4D /* Post.swift */ = {isa = PBXFileReference; lastKnownFileType = sourcecode.swift; path = Post.swift; sourceTree = "<group>"; };
		173623DF2AAE296800BB7F4D /* PostData.swift */ = {isa = PBXFileReference; lastKnownFileType = sourcecode.swift; path = PostData.swift; sourceTree = "<group>"; };
		173623E12AAE2B4C00BB7F4D /* InfoRow.swift */ = {isa = PBXFileReference; lastKnownFileType = sourcecode.swift; path = InfoRow.swift; sourceTree = "<group>"; };
		173623E32AAE2E5600BB7F4D /* InfoDetails.swift */ = {isa = PBXFileReference; lastKnownFileType = sourcecode.swift; path = InfoDetails.swift; sourceTree = "<group>"; };
		173623E52AAE348B00BB7F4D /* InfoView.swift */ = {isa = PBXFileReference; lastKnownFileType = sourcecode.swift; path = InfoView.swift; sourceTree = "<group>"; };
		173623E72AAF3A4300BB7F4D /* FilmTrailerView.swift */ = {isa = PBXFileReference; lastKnownFileType = sourcecode.swift; path = FilmTrailerView.swift; sourceTree = "<group>"; };
		173623E92AAF3AB900BB7F4D /* SettingView.swift */ = {isa = PBXFileReference; lastKnownFileType = sourcecode.swift; path = SettingView.swift; sourceTree = "<group>"; };
/* End PBXFileReference section */

/* Begin PBXFrameworksBuildPhase section */
		173623C92AAE253F00BB7F4D /* Frameworks */ = {
			isa = PBXFrameworksBuildPhase;
			buildActionMask = 2147483647;
			files = (
			);
			runOnlyForDeploymentPostprocessing = 0;
		};
/* End PBXFrameworksBuildPhase section */

/* Begin PBXGroup section */
		172B89E12AB4965C00445064 /* Video Data */ = {
			isa = PBXGroup;
			children = (
				172B89D32AB475EE00445064 /* pulp_fiction.mp4 */,
				172B89D92AB48FEC00445064 /* twin_peaks.mp4 */,
				172B89DD2AB4936A00445064 /* old_boy.mp4 */,
				172B89DF2AB494AB00445064 /* batman_begins.mp4 */,
				172B89DB2AB4929F00445064 /* forrest_gump.mp4 */,
			);
			path = "Video Data";
			sourceTree = "<group>";
		};
		173623C32AAE253F00BB7F4D = {
			isa = PBXGroup;
			children = (
				173623CE2AAE253F00BB7F4D /* FavouriteFilmsSwiftUI */,
				173623CD2AAE253F00BB7F4D /* Products */,
			);
			sourceTree = "<group>";
		};
		173623CD2AAE253F00BB7F4D /* Products */ = {
			isa = PBXGroup;
			children = (
				173623CC2AAE253F00BB7F4D /* FavouriteFilmsSwiftUI.app */,
			);
			name = Products;
			sourceTree = "<group>";
		};
		173623CE2AAE253F00BB7F4D /* FavouriteFilmsSwiftUI */ = {
			isa = PBXGroup;
			children = (
				173623CF2AAE253F00BB7F4D /* FavouriteFilmsSwiftUIApp.swift */,
				173623D12AAE253F00BB7F4D /* ContentView.swift */,
				173623E12AAE2B4C00BB7F4D /* InfoRow.swift */,
				173623E32AAE2E5600BB7F4D /* InfoDetails.swift */,
				173623E52AAE348B00BB7F4D /* InfoView.swift */,
				173623E72AAF3A4300BB7F4D /* FilmTrailerView.swift */,
				17321A702AB5693600B83EF6 /* PhotoPersonView.swift */,
				172B89D72AB483C400445064 /* SwiftUIView.swift */,
				172B89D52AB47EA200445064 /* PersonView.swift */,
				173623E92AAF3AB900BB7F4D /* SettingView.swift */,
				172B89E12AB4965C00445064 /* Video Data */,
				173623EB2AAF6A7700BB7F4D /* DataModel */,
				173623D32AAE254000BB7F4D /* Assets.xcassets */,
				173623D52AAE254000BB7F4D /* Preview Content */,
			);
			path = FavouriteFilmsSwiftUI;
			sourceTree = "<group>";
		};
		173623D52AAE254000BB7F4D /* Preview Content */ = {
			isa = PBXGroup;
			children = (
				173623D62AAE254000BB7F4D /* Preview Assets.xcassets */,
			);
			path = "Preview Content";
			sourceTree = "<group>";
		};
		173623EB2AAF6A7700BB7F4D /* DataModel */ = {
			isa = PBXGroup;
			children = (
				173623DD2AAE26C900BB7F4D /* Post.swift */,
				173623DF2AAE296800BB7F4D /* PostData.swift */,
			);
			path = DataModel;
			sourceTree = "<group>";
		};
/* End PBXGroup section */

/* Begin PBXNativeTarget section */
		173623CB2AAE253F00BB7F4D /* FavouriteFilmsSwiftUI */ = {
			isa = PBXNativeTarget;
			buildConfigurationList = 173623DA2AAE254000BB7F4D /* Build configuration list for PBXNativeTarget "FavouriteFilmsSwiftUI" */;
			buildPhases = (
				173623C82AAE253F00BB7F4D /* Sources */,
				173623C92AAE253F00BB7F4D /* Frameworks */,
				173623CA2AAE253F00BB7F4D /* Resources */,
			);
			buildRules = (
			);
			dependencies = (
			);
			name = FavouriteFilmsSwiftUI;
			productName = FavouriteFilmsSwiftUI;
			productReference = 173623CC2AAE253F00BB7F4D /* FavouriteFilmsSwiftUI.app */;
			productType = "com.apple.product-type.application";
		};
/* End PBXNativeTarget section */

/* Begin PBXProject section */
		173623C42AAE253F00BB7F4D /* Project object */ = {
			isa = PBXProject;
			attributes = {
				BuildIndependentTargetsInParallel = 1;
				LastSwiftUpdateCheck = 1400;
				LastUpgradeCheck = 1400;
				TargetAttributes = {
					173623CB2AAE253F00BB7F4D = {
						CreatedOnToolsVersion = 14.0.1;
					};
				};
			};
			buildConfigurationList = 173623C72AAE253F00BB7F4D /* Build configuration list for PBXProject "FavouriteFilmsSwiftUI" */;
			compatibilityVersion = "Xcode 14.0";
			developmentRegion = en;
			hasScannedForEncodings = 0;
			knownRegions = (
				en,
				Base,
			);
			mainGroup = 173623C32AAE253F00BB7F4D;
			productRefGroup = 173623CD2AAE253F00BB7F4D /* Products */;
			projectDirPath = "";
			projectRoot = "";
			targets = (
				173623CB2AAE253F00BB7F4D /* FavouriteFilmsSwiftUI */,
			);
		};
/* End PBXProject section */

/* Begin PBXResourcesBuildPhase section */
		173623CA2AAE253F00BB7F4D /* Resources */ = {
			isa = PBXResourcesBuildPhase;
			buildActionMask = 2147483647;
			files = (
				172B89E02AB494AB00445064 /* batman_begins.mp4 in Resources */,
				172B89DC2AB4929F00445064 /* forrest_gump.mp4 in Resources */,
				173623D72AAE254000BB7F4D /* Preview Assets.xcassets in Resources */,
				172B89D42AB475EE00445064 /* pulp_fiction.mp4 in Resources */,
				172B89DA2AB48FEC00445064 /* twin_peaks.mp4 in Resources */,
				172B89DE2AB4936A00445064 /* old_boy.mp4 in Resources */,
				173623D42AAE254000BB7F4D /* Assets.xcassets in Resources */,
			);
			runOnlyForDeploymentPostprocessing = 0;
		};
/* End PBXResourcesBuildPhase section */

/* Begin PBXSourcesBuildPhase section */
		173623C82AAE253F00BB7F4D /* Sources */ = {
			isa = PBXSourcesBuildPhase;
			buildActionMask = 2147483647;
			files = (
				173623DE2AAE26C900BB7F4D /* Post.swift in Sources */,
				173623E82AAF3A4300BB7F4D /* FilmTrailerView.swift in Sources */,
				172B89D82AB483C400445064 /* SwiftUIView.swift in Sources */,
				173623E02AAE296800BB7F4D /* PostData.swift in Sources */,
				17321A712AB5693600B83EF6 /* PhotoPersonView.swift in Sources */,
				173623EA2AAF3AB900BB7F4D /* SettingView.swift in Sources */,
				173623D22AAE253F00BB7F4D /* ContentView.swift in Sources */,
				172B89D62AB47EA200445064 /* PersonView.swift in Sources */,
				173623D02AAE253F00BB7F4D /* FavouriteFilmsSwiftUIApp.swift in Sources */,
				173623E42AAE2E5600BB7F4D /* InfoDetails.swift in Sources */,
				173623E22AAE2B4C00BB7F4D /* InfoRow.swift in Sources */,
				173623E62AAE348B00BB7F4D /* InfoView.swift in Sources */,
			);
			runOnlyForDeploymentPostprocessing = 0;
		};
/* End PBXSourcesBuildPhase section */

/* Begin XCBuildConfiguration section */
		173623D82AAE254000BB7F4D /* Debug */ = {
			isa = XCBuildConfiguration;
			buildSettings = {
				ALWAYS_SEARCH_USER_PATHS = NO;
				CLANG_ANALYZER_NONNULL = YES;
				CLANG_ANALYZER_NUMBER_OBJECT_CONVERSION = YES_AGGRESSIVE;
				CLANG_CXX_LANGUAGE_STANDARD = "gnu++20";
				CLANG_ENABLE_MODULES = YES;
				CLANG_ENABLE_OBJC_ARC = YES;
				CLANG_ENABLE_OBJC_WEAK = YES;
				CLANG_WARN_BLOCK_CAPTURE_AUTORELEASING = YES;
				CLANG_WARN_BOOL_CONVERSION = YES;
				CLANG_WARN_COMMA = YES;
				CLANG_WARN_CONSTANT_CONVERSION = YES;
				CLANG_WARN_DEPRECATED_OBJC_IMPLEMENTATIONS = YES;
				CLANG_WARN_DIRECT_OBJC_ISA_USAGE = YES_ERROR;
				CLANG_WARN_DOCUMENTATION_COMMENTS = YES;
				CLANG_WARN_EMPTY_BODY = YES;
				CLANG_WARN_ENUM_CONVERSION = YES;
				CLANG_WARN_INFINITE_RECURSION = YES;
				CLANG_WARN_INT_CONVERSION = YES;
				CLANG_WARN_NON_LITERAL_NULL_CONVERSION = YES;
				CLANG_WARN_OBJC_IMPLICIT_RETAIN_SELF = YES;
				CLANG_WARN_OBJC_LITERAL_CONVERSION = YES;
				CLANG_WARN_OBJC_ROOT_CLASS = YES_ERROR;
				CLANG_WARN_QUOTED_INCLUDE_IN_FRAMEWORK_HEADER = YES;
				CLANG_WARN_RANGE_LOOP_ANALYSIS = YES;
				CLANG_WARN_STRICT_PROTOTYPES = YES;
				CLANG_WARN_SUSPICIOUS_MOVE = YES;
				CLANG_WARN_UNGUARDED_AVAILABILITY = YES_AGGRESSIVE;
				CLANG_WARN_UNREACHABLE_CODE = YES;
				CLANG_WARN__DUPLICATE_METHOD_MATCH = YES;
				COPY_PHASE_STRIP = NO;
				DEBUG_INFORMATION_FORMAT = dwarf;
				ENABLE_STRICT_OBJC_MSGSEND = YES;
				ENABLE_TESTABILITY = YES;
				GCC_C_LANGUAGE_STANDARD = gnu11;
				GCC_DYNAMIC_NO_PIC = NO;
				GCC_NO_COMMON_BLOCKS = YES;
				GCC_OPTIMIZATION_LEVEL = 0;
				GCC_PREPROCESSOR_DEFINITIONS = (
					"DEBUG=1",
					"$(inherited)",
				);
				GCC_WARN_64_TO_32_BIT_CONVERSION = YES;
				GCC_WARN_ABOUT_RETURN_TYPE = YES_ERROR;
				GCC_WARN_UNDECLARED_SELECTOR = YES;
				GCC_WARN_UNINITIALIZED_AUTOS = YES_AGGRESSIVE;
				GCC_WARN_UNUSED_FUNCTION = YES;
				GCC_WARN_UNUSED_VARIABLE = YES;
				IPHONEOS_DEPLOYMENT_TARGET = 16.0;
				MTL_ENABLE_DEBUG_INFO = INCLUDE_SOURCE;
				MTL_FAST_MATH = YES;
				ONLY_ACTIVE_ARCH = YES;
				SDKROOT = iphoneos;
				SWIFT_ACTIVE_COMPILATION_CONDITIONS = DEBUG;
				SWIFT_OPTIMIZATION_LEVEL = "-Onone";
			};
			name = Debug;
		};
		173623D92AAE254000BB7F4D /* Release */ = {
			isa = XCBuildConfiguration;
			buildSettings = {
				ALWAYS_SEARCH_USER_PATHS = NO;
				CLANG_ANALYZER_NONNULL = YES;
				CLANG_ANALYZER_NUMBER_OBJECT_CONVERSION = YES_AGGRESSIVE;
				CLANG_CXX_LANGUAGE_STANDARD = "gnu++20";
				CLANG_ENABLE_MODULES = YES;
				CLANG_ENABLE_OBJC_ARC = YES;
				CLANG_ENABLE_OBJC_WEAK = YES;
				CLANG_WARN_BLOCK_CAPTURE_AUTORELEASING = YES;
				CLANG_WARN_BOOL_CONVERSION = YES;
				CLANG_WARN_COMMA = YES;
				CLANG_WARN_CONSTANT_CONVERSION = YES;
				CLANG_WARN_DEPRECATED_OBJC_IMPLEMENTATIONS = YES;
				CLANG_WARN_DIRECT_OBJC_ISA_USAGE = YES_ERROR;
				CLANG_WARN_DOCUMENTATION_COMMENTS = YES;
				CLANG_WARN_EMPTY_BODY = YES;
				CLANG_WARN_ENUM_CONVERSION = YES;
				CLANG_WARN_INFINITE_RECURSION = YES;
				CLANG_WARN_INT_CONVERSION = YES;
				CLANG_WARN_NON_LITERAL_NULL_CONVERSION = YES;
				CLANG_WARN_OBJC_IMPLICIT_RETAIN_SELF = YES;
				CLANG_WARN_OBJC_LITERAL_CONVERSION = YES;
				CLANG_WARN_OBJC_ROOT_CLASS = YES_ERROR;
				CLANG_WARN_QUOTED_INCLUDE_IN_FRAMEWORK_HEADER = YES;
				CLANG_WARN_RANGE_LOOP_ANALYSIS = YES;
				CLANG_WARN_STRICT_PROTOTYPES = YES;
				CLANG_WARN_SUSPICIOUS_MOVE = YES;
				CLANG_WARN_UNGUARDED_AVAILABILITY = YES_AGGRESSIVE;
				CLANG_WARN_UNREACHABLE_CODE = YES;
				CLANG_WARN__DUPLICATE_METHOD_MATCH = YES;
				COPY_PHASE_STRIP = NO;
				DEBUG_INFORMATION_FORMAT = "dwarf-with-dsym";
				ENABLE_NS_ASSERTIONS = NO;
				ENABLE_STRICT_OBJC_MSGSEND = YES;
				GCC_C_LANGUAGE_STANDARD = gnu11;
				GCC_NO_COMMON_BLOCKS = YES;
				GCC_WARN_64_TO_32_BIT_CONVERSION = YES;
				GCC_WARN_ABOUT_RETURN_TYPE = YES_ERROR;
				GCC_WARN_UNDECLARED_SELECTOR = YES;
				GCC_WARN_UNINITIALIZED_AUTOS = YES_AGGRESSIVE;
				GCC_WARN_UNUSED_FUNCTION = YES;
				GCC_WARN_UNUSED_VARIABLE = YES;
				IPHONEOS_DEPLOYMENT_TARGET = 16.0;
				MTL_ENABLE_DEBUG_INFO = NO;
				MTL_FAST_MATH = YES;
				SDKROOT = iphoneos;
				SWIFT_COMPILATION_MODE = wholemodule;
				SWIFT_OPTIMIZATION_LEVEL = "-O";
				VALIDATE_PRODUCT = YES;
			};
			name = Release;
		};
		173623DB2AAE254000BB7F4D /* Debug */ = {
			isa = XCBuildConfiguration;
			buildSettings = {
				ASSETCATALOG_COMPILER_APPICON_NAME = AppIcon;
				ASSETCATALOG_COMPILER_GLOBAL_ACCENT_COLOR_NAME = AccentColor;
				CODE_SIGN_STYLE = Automatic;
				CURRENT_PROJECT_VERSION = 1;
				DEVELOPMENT_ASSET_PATHS = "\"FavouriteFilmsSwiftUI/Preview Content\"";
				ENABLE_PREVIEWS = YES;
				GENERATE_INFOPLIST_FILE = YES;
				INFOPLIST_KEY_UIApplicationSceneManifest_Generation = YES;
				INFOPLIST_KEY_UIApplicationSupportsIndirectInputEvents = YES;
				INFOPLIST_KEY_UILaunchScreen_Generation = YES;
				INFOPLIST_KEY_UISupportedInterfaceOrientations_iPad = "UIInterfaceOrientationPortrait UIInterfaceOrientationPortraitUpsideDown UIInterfaceOrientationLandscapeLeft UIInterfaceOrientationLandscapeRight";
				INFOPLIST_KEY_UISupportedInterfaceOrientations_iPhone = "UIInterfaceOrientationPortrait UIInterfaceOrientationLandscapeLeft UIInterfaceOrientationLandscapeRight";
				LD_RUNPATH_SEARCH_PATHS = (
					"$(inherited)",
					"@executable_path/Frameworks",
				);
				MARKETING_VERSION = 1.0;
				PRODUCT_BUNDLE_IDENTIFIER = Netology.FavouriteFilmsSwiftUI;
				PRODUCT_NAME = "$(TARGET_NAME)";
				SWIFT_EMIT_LOC_STRINGS = YES;
				SWIFT_VERSION = 5.0;
				TARGETED_DEVICE_FAMILY = "1,2";
			};
			name = Debug;
		};
		173623DC2AAE254000BB7F4D /* Release */ = {
			isa = XCBuildConfiguration;
			buildSettings = {
				ASSETCATALOG_COMPILER_APPICON_NAME = AppIcon;
				ASSETCATALOG_COMPILER_GLOBAL_ACCENT_COLOR_NAME = AccentColor;
				CODE_SIGN_STYLE = Automatic;
				CURRENT_PROJECT_VERSION = 1;
				DEVELOPMENT_ASSET_PATHS = "\"FavouriteFilmsSwiftUI/Preview Content\"";
				ENABLE_PREVIEWS = YES;
				GENERATE_INFOPLIST_FILE = YES;
				INFOPLIST_KEY_UIApplicationSceneManifest_Generation = YES;
				INFOPLIST_KEY_UIApplicationSupportsIndirectInputEvents = YES;
				INFOPLIST_KEY_UILaunchScreen_Generation = YES;
				INFOPLIST_KEY_UISupportedInterfaceOrientations_iPad = "UIInterfaceOrientationPortrait UIInterfaceOrientationPortraitUpsideDown UIInterfaceOrientationLandscapeLeft UIInterfaceOrientationLandscapeRight";
				INFOPLIST_KEY_UISupportedInterfaceOrientations_iPhone = "UIInterfaceOrientationPortrait UIInterfaceOrientationLandscapeLeft UIInterfaceOrientationLandscapeRight";
				LD_RUNPATH_SEARCH_PATHS = (
					"$(inherited)",
					"@executable_path/Frameworks",
				);
				MARKETING_VERSION = 1.0;
				PRODUCT_BUNDLE_IDENTIFIER = Netology.FavouriteFilmsSwiftUI;
				PRODUCT_NAME = "$(TARGET_NAME)";
				SWIFT_EMIT_LOC_STRINGS = YES;
				SWIFT_VERSION = 5.0;
				TARGETED_DEVICE_FAMILY = "1,2";
			};
			name = Release;
		};
/* End XCBuildConfiguration section */

/* Begin XCConfigurationList section */
		173623C72AAE253F00BB7F4D /* Build configuration list for PBXProject "FavouriteFilmsSwiftUI" */ = {
			isa = XCConfigurationList;
			buildConfigurations = (
				173623D82AAE254000BB7F4D /* Debug */,
				173623D92AAE254000BB7F4D /* Release */,
			);
			defaultConfigurationIsVisible = 0;
			defaultConfigurationName = Release;
		};
		173623DA2AAE254000BB7F4D /* Build configuration list for PBXNativeTarget "FavouriteFilmsSwiftUI" */ = {
			isa = XCConfigurationList;
			buildConfigurations = (
				173623DB2AAE254000BB7F4D /* Debug */,
				173623DC2AAE254000BB7F4D /* Release */,
			);
			defaultConfigurationIsVisible = 0;
			defaultConfigurationName = Release;
		};
/* End XCConfigurationList section */
	};
	rootObject = 173623C42AAE253F00BB7F4D /* Project object */;
}
